// !$*UTF8*$!
{
	archiveVersion = 1;
	classes = {
	};
	objectVersion = 46;
	objects = {

/* Begin PBXBuildFile section */
		0330425B4DD5438799AE0594 /* libPods.a in Frameworks */ = {isa = PBXBuildFile; fileRef = 5280D3516EB8463E996F4F5A /* libPods.a */; settings = {ATTRIBUTES = (Required, ); }; };
		5104E9A0183A80E100F1EB5D /* NUXSession-info.plist in Resources */ = {isa = PBXBuildFile; fileRef = 5104E99F183A80E100F1EB5D /* NUXSession-info.plist */; };
		51E55C88182D415F009AC87C /* Foundation.framework in Frameworks */ = {isa = PBXBuildFile; fileRef = 51E55C87182D415F009AC87C /* Foundation.framework */; };
		51E55C96182D415F009AC87C /* XCTest.framework in Frameworks */ = {isa = PBXBuildFile; fileRef = 51E55C95182D415F009AC87C /* XCTest.framework */; };
		51E55C97182D415F009AC87C /* Foundation.framework in Frameworks */ = {isa = PBXBuildFile; fileRef = 51E55C87182D415F009AC87C /* Foundation.framework */; };
		51E55C99182D415F009AC87C /* UIKit.framework in Frameworks */ = {isa = PBXBuildFile; fileRef = 51E55C98182D415F009AC87C /* UIKit.framework */; };
		51E55C9C182D415F009AC87C /* libNuxeoSDK.a in Frameworks */ = {isa = PBXBuildFile; fileRef = 51E55C84182D415F009AC87C /* libNuxeoSDK.a */; };
		51E55CA2182D415F009AC87C /* InfoPlist.strings in Resources */ = {isa = PBXBuildFile; fileRef = 51E55CA0182D415F009AC87C /* InfoPlist.strings */; };
		AC00015C9A8DDBE3CFE409A2 /* NUXRequestTests.m in Sources */ = {isa = PBXBuildFile; fileRef = AC0002645273819F993E5C1B /* NUXRequestTests.m */; };
		AC00067C9BC7671E5ACF632E /* NUXSession+requests.m in Sources */ = {isa = PBXBuildFile; fileRef = AC000994E59079813C7DE2FD /* NUXSession+requests.m */; };
		AC0008BBE6F5D7709B958244 /* NUXSession.m in Sources */ = {isa = PBXBuildFile; fileRef = AC0002BBFCFD456D7E66DAC0 /* NUXSession.m */; };
		AC000A719E19EE6373675D54 /* NUXRequest.m in Sources */ = {isa = PBXBuildFile; fileRef = AC000B76D7903641277411F0 /* NUXRequest.m */; };
		AC000B77A341A810EE6DACC4 /* NUXSessionTests.m in Sources */ = {isa = PBXBuildFile; fileRef = AC000022E7EC18768D35852D /* NUXSessionTests.m */; };
/* End PBXBuildFile section */

/* Begin PBXContainerItemProxy section */
		51E55C9A182D415F009AC87C /* PBXContainerItemProxy */ = {
			isa = PBXContainerItemProxy;
			containerPortal = 51E55C7C182D415F009AC87C /* Project object */;
			proxyType = 1;
			remoteGlobalIDString = 51E55C83182D415F009AC87C;
			remoteInfo = NuxeoSDK;
		};
/* End PBXContainerItemProxy section */

/* Begin PBXCopyFilesBuildPhase section */
		51E55C82182D415F009AC87C /* Copy Files */ = {
			isa = PBXCopyFilesBuildPhase;
			buildActionMask = 2147483647;
			dstPath = "include/$(PRODUCT_NAME)";
			dstSubfolderSpec = 16;
			files = (
			);
			name = "Copy Files";
			runOnlyForDeploymentPostprocessing = 0;
		};
/* End PBXCopyFilesBuildPhase section */

/* Begin PBXFileReference section */
		5104E99F183A80E100F1EB5D /* NUXSession-info.plist */ = {isa = PBXFileReference; fileEncoding = 4; lastKnownFileType = text.plist.xml; path = "NUXSession-info.plist"; sourceTree = "<group>"; };
		51E55C84182D415F009AC87C /* libNuxeoSDK.a */ = {isa = PBXFileReference; explicitFileType = archive.ar; includeInIndex = 0; path = libNuxeoSDK.a; sourceTree = BUILT_PRODUCTS_DIR; };
		51E55C87182D415F009AC87C /* Foundation.framework */ = {isa = PBXFileReference; lastKnownFileType = wrapper.framework; name = Foundation.framework; path = System/Library/Frameworks/Foundation.framework; sourceTree = SDKROOT; };
		51E55C8B182D415F009AC87C /* NuxeoSDK-Prefix.pch */ = {isa = PBXFileReference; lastKnownFileType = sourcecode.c.h; path = "NuxeoSDK-Prefix.pch"; sourceTree = "<group>"; };
		51E55C94182D415F009AC87C /* NuxeoSDKTests.xctest */ = {isa = PBXFileReference; explicitFileType = wrapper.cfbundle; includeInIndex = 0; path = NuxeoSDKTests.xctest; sourceTree = BUILT_PRODUCTS_DIR; };
		51E55C95182D415F009AC87C /* XCTest.framework */ = {isa = PBXFileReference; lastKnownFileType = wrapper.framework; name = XCTest.framework; path = Library/Frameworks/XCTest.framework; sourceTree = DEVELOPER_DIR; };
		51E55C98182D415F009AC87C /* UIKit.framework */ = {isa = PBXFileReference; lastKnownFileType = wrapper.framework; name = UIKit.framework; path = Library/Frameworks/UIKit.framework; sourceTree = DEVELOPER_DIR; };
		51E55C9F182D415F009AC87C /* NuxeoSDKTests-Info.plist */ = {isa = PBXFileReference; lastKnownFileType = text.plist.xml; path = "NuxeoSDKTests-Info.plist"; sourceTree = "<group>"; };
		51E55CA1182D415F009AC87C /* en */ = {isa = PBXFileReference; lastKnownFileType = text.plist.strings; name = en; path = en.lproj/InfoPlist.strings; sourceTree = "<group>"; };
		5280D3516EB8463E996F4F5A /* libPods.a */ = {isa = PBXFileReference; explicitFileType = archive.ar; includeInIndex = 0; path = libPods.a; sourceTree = BUILT_PRODUCTS_DIR; };
		AC000022E7EC18768D35852D /* NUXSessionTests.m */ = {isa = PBXFileReference; fileEncoding = 4; lastKnownFileType = sourcecode.c.objc; path = NUXSessionTests.m; sourceTree = "<group>"; };
		AC0000295749D5BB4EC27292 /* NUXSession.h */ = {isa = PBXFileReference; fileEncoding = 4; lastKnownFileType = sourcecode.c.h; path = NUXSession.h; sourceTree = "<group>"; };
		AC0002645273819F993E5C1B /* NUXRequestTests.m */ = {isa = PBXFileReference; fileEncoding = 4; lastKnownFileType = sourcecode.c.objc; path = NUXRequestTests.m; sourceTree = "<group>"; };
		AC0002BBFCFD456D7E66DAC0 /* NUXSession.m */ = {isa = PBXFileReference; fileEncoding = 4; lastKnownFileType = sourcecode.c.objc; path = NUXSession.m; sourceTree = "<group>"; };
		AC000994E59079813C7DE2FD /* NUXSession+requests.m */ = {isa = PBXFileReference; fileEncoding = 4; lastKnownFileType = sourcecode.c.objc; path = "NUXSession+requests.m"; sourceTree = "<group>"; };
		AC0009D5DAB2ADA610230E4B /* NUXSession+requests.h */ = {isa = PBXFileReference; fileEncoding = 4; lastKnownFileType = sourcecode.c.h; path = "NUXSession+requests.h"; sourceTree = "<group>"; };
		AC000B76D7903641277411F0 /* NUXRequest.m */ = {isa = PBXFileReference; fileEncoding = 4; lastKnownFileType = sourcecode.c.objc; path = NUXRequest.m; sourceTree = "<group>"; };
		AC000EC1EEDC07E148688B3B /* NUXRequest.h */ = {isa = PBXFileReference; fileEncoding = 4; lastKnownFileType = sourcecode.c.h; path = NUXRequest.h; sourceTree = "<group>"; };
		FD7BCE919FC34204AD7130B6 /* Pods.xcconfig */ = {isa = PBXFileReference; includeInIndex = 1; lastKnownFileType = text.xcconfig; name = Pods.xcconfig; path = Pods/Pods.xcconfig; sourceTree = "<group>"; };
/* End PBXFileReference section */

/* Begin PBXFrameworksBuildPhase section */
		51E55C81182D415F009AC87C /* Frameworks */ = {
			isa = PBXFrameworksBuildPhase;
			buildActionMask = 2147483647;
			files = (
				51E55C88182D415F009AC87C /* Foundation.framework in Frameworks */,
				0330425B4DD5438799AE0594 /* libPods.a in Frameworks */,
			);
			runOnlyForDeploymentPostprocessing = 0;
		};
		51E55C91182D415F009AC87C /* Frameworks */ = {
			isa = PBXFrameworksBuildPhase;
			buildActionMask = 2147483647;
			files = (
				51E55C9C182D415F009AC87C /* libNuxeoSDK.a in Frameworks */,
				51E55C96182D415F009AC87C /* XCTest.framework in Frameworks */,
				51E55C99182D415F009AC87C /* UIKit.framework in Frameworks */,
				51E55C97182D415F009AC87C /* Foundation.framework in Frameworks */,
			);
			runOnlyForDeploymentPostprocessing = 0;
		};
/* End PBXFrameworksBuildPhase section */

/* Begin PBXGroup section */
		51E55C7B182D415F009AC87C = {
			isa = PBXGroup;
			children = (
				51E55C89182D415F009AC87C /* NuxeoSDK */,
				51E55C9D182D415F009AC87C /* NuxeoSDKTests */,
				51E55C86182D415F009AC87C /* Frameworks */,
				51E55C85182D415F009AC87C /* Products */,
				FD7BCE919FC34204AD7130B6 /* Pods.xcconfig */,
			);
			sourceTree = "<group>";
		};
		51E55C85182D415F009AC87C /* Products */ = {
			isa = PBXGroup;
			children = (
				51E55C84182D415F009AC87C /* libNuxeoSDK.a */,
				51E55C94182D415F009AC87C /* NuxeoSDKTests.xctest */,
			);
			name = Products;
			sourceTree = "<group>";
		};
		51E55C86182D415F009AC87C /* Frameworks */ = {
			isa = PBXGroup;
			children = (
				51E55C87182D415F009AC87C /* Foundation.framework */,
				51E55C95182D415F009AC87C /* XCTest.framework */,
				51E55C98182D415F009AC87C /* UIKit.framework */,
				5280D3516EB8463E996F4F5A /* libPods.a */,
			);
			name = Frameworks;
			sourceTree = "<group>";
		};
		51E55C89182D415F009AC87C /* NuxeoSDK */ = {
			isa = PBXGroup;
			children = (
				51E55C8A182D415F009AC87C /* Supporting Files */,
				AC0003DEE7C4FC5F7F4E26C7 /* Classes */,
			);
			path = NuxeoSDK;
			sourceTree = "<group>";
		};
		51E55C8A182D415F009AC87C /* Supporting Files */ = {
			isa = PBXGroup;
			children = (
				51E55C8B182D415F009AC87C /* NuxeoSDK-Prefix.pch */,
			);
			name = "Supporting Files";
			sourceTree = "<group>";
		};
		51E55C9D182D415F009AC87C /* NuxeoSDKTests */ = {
			isa = PBXGroup;
			children = (
				51E55C9E182D415F009AC87C /* Supporting Files */,
				5104E99F183A80E100F1EB5D /* NUXSession-info.plist */,
				AC0006AAC571B6889FB31CE0 /* Classes */,
			);
			path = NuxeoSDKTests;
			sourceTree = "<group>";
		};
		51E55C9E182D415F009AC87C /* Supporting Files */ = {
			isa = PBXGroup;
			children = (
				51E55C9F182D415F009AC87C /* NuxeoSDKTests-Info.plist */,
				51E55CA0182D415F009AC87C /* InfoPlist.strings */,
			);
			name = "Supporting Files";
			sourceTree = "<group>";
		};
		AC0003DEE7C4FC5F7F4E26C7 /* Classes */ = {
			isa = PBXGroup;
			children = (
				AC000EC1EEDC07E148688B3B /* NUXRequest.h */,
				AC000B76D7903641277411F0 /* NUXRequest.m */,
				AC0009D5DAB2ADA610230E4B /* NUXSession+requests.h */,
				AC000994E59079813C7DE2FD /* NUXSession+requests.m */,
				AC0000295749D5BB4EC27292 /* NUXSession.h */,
				AC0002BBFCFD456D7E66DAC0 /* NUXSession.m */,
			);
			path = Classes;
			sourceTree = "<group>";
		};
		AC0006AAC571B6889FB31CE0 /* Classes */ = {
			isa = PBXGroup;
			children = (
				AC0002645273819F993E5C1B /* NUXRequestTests.m */,
				AC000022E7EC18768D35852D /* NUXSessionTests.m */,
			);
			path = Classes;
			sourceTree = "<group>";
		};
/* End PBXGroup section */

/* Begin PBXNativeTarget section */
		51E55C83182D415F009AC87C /* NuxeoSDK */ = {
			isa = PBXNativeTarget;
			buildConfigurationList = 51E55CA7182D415F009AC87C /* Build configuration list for PBXNativeTarget "NuxeoSDK" */;
			buildPhases = (
				5582B38ECB54454CB227E946 /* Check Pods Manifest.lock */,
				51E55C80182D415F009AC87C /* Sources */,
				51E55C81182D415F009AC87C /* Frameworks */,
				51E55C82182D415F009AC87C /* Copy Files */,
				BB3DA22411FD452A872C5269 /* Copy Pods Resources */,
			);
			buildRules = (
			);
			dependencies = (
			);
			name = NuxeoSDK;
			productName = NuxeoSDK;
			productReference = 51E55C84182D415F009AC87C /* libNuxeoSDK.a */;
			productType = "com.apple.product-type.library.static";
		};
		51E55C93182D415F009AC87C /* NuxeoSDKTests */ = {
			isa = PBXNativeTarget;
			buildConfigurationList = 51E55CAA182D415F009AC87C /* Build configuration list for PBXNativeTarget "NuxeoSDKTests" */;
			buildPhases = (
				DA5F22E47ED54DA1A681C9AE /* Check Pods Manifest.lock */,
				51E55C90182D415F009AC87C /* Sources */,
				51E55C91182D415F009AC87C /* Frameworks */,
				51E55C92182D415F009AC87C /* Resources */,
				80429631ED704542950B78A4 /* Copy Pods Resources */,
			);
			buildRules = (
			);
			dependencies = (
				51E55C9B182D415F009AC87C /* PBXTargetDependency */,
			);
			name = NuxeoSDKTests;
			productName = NuxeoSDKTests;
			productReference = 51E55C94182D415F009AC87C /* NuxeoSDKTests.xctest */;
			productType = "com.apple.product-type.bundle.unit-test";
		};
/* End PBXNativeTarget section */

/* Begin PBXProject section */
		51E55C7C182D415F009AC87C /* Project object */ = {
			isa = PBXProject;
			attributes = {
				LastUpgradeCheck = 0500;
				ORGANIZATIONNAME = Nuxeo;
			};
			buildConfigurationList = 51E55C7F182D415F009AC87C /* Build configuration list for PBXProject "NuxeoSDK" */;
			compatibilityVersion = "Xcode 3.2";
			developmentRegion = English;
			hasScannedForEncodings = 0;
			knownRegions = (
				en,
			);
			mainGroup = 51E55C7B182D415F009AC87C;
			productRefGroup = 51E55C85182D415F009AC87C /* Products */;
			projectDirPath = "";
			projectRoot = "";
			targets = (
				51E55C83182D415F009AC87C /* NuxeoSDK */,
				51E55C93182D415F009AC87C /* NuxeoSDKTests */,
			);
		};
/* End PBXProject section */

/* Begin PBXResourcesBuildPhase section */
		51E55C92182D415F009AC87C /* Resources */ = {
			isa = PBXResourcesBuildPhase;
			buildActionMask = 2147483647;
			files = (
				51E55CA2182D415F009AC87C /* InfoPlist.strings in Resources */,
				5104E9A0183A80E100F1EB5D /* NUXSession-info.plist in Resources */,
			);
			runOnlyForDeploymentPostprocessing = 0;
		};
/* End PBXResourcesBuildPhase section */

/* Begin PBXShellScriptBuildPhase section */
		5582B38ECB54454CB227E946 /* Check Pods Manifest.lock */ = {
			isa = PBXShellScriptBuildPhase;
			buildActionMask = 2147483647;
			files = (
			);
			inputPaths = (
			);
			name = "Check Pods Manifest.lock";
			outputPaths = (
			);
			runOnlyForDeploymentPostprocessing = 0;
			shellPath = /bin/sh;
			shellScript = "diff \"${PODS_ROOT}/../Podfile.lock\" \"${PODS_ROOT}/Manifest.lock\" > /dev/null\nif [[ $? != 0 ]] ; then\n    cat << EOM\nerror: The sandbox is not in sync with the Podfile.lock. Run 'pod install' or update your CocoaPods installation.\nEOM\n    exit 1\nfi\n";
			showEnvVarsInLog = 0;
		};
		80429631ED704542950B78A4 /* Copy Pods Resources */ = {
			isa = PBXShellScriptBuildPhase;
			buildActionMask = 2147483647;
			files = (
			);
			inputPaths = (
			);
			name = "Copy Pods Resources";
			outputPaths = (
			);
			runOnlyForDeploymentPostprocessing = 0;
			shellPath = /bin/sh;
			shellScript = "\"${SRCROOT}/Pods/Pods-resources.sh\"\n";
			showEnvVarsInLog = 0;
		};
		BB3DA22411FD452A872C5269 /* Copy Pods Resources */ = {
			isa = PBXShellScriptBuildPhase;
			buildActionMask = 2147483647;
			files = (
			);
			inputPaths = (
			);
			name = "Copy Pods Resources";
			outputPaths = (
			);
			runOnlyForDeploymentPostprocessing = 0;
			shellPath = /bin/sh;
			shellScript = "\"${SRCROOT}/Pods/Pods-resources.sh\"\n";
			showEnvVarsInLog = 0;
		};
		DA5F22E47ED54DA1A681C9AE /* Check Pods Manifest.lock */ = {
			isa = PBXShellScriptBuildPhase;
			buildActionMask = 2147483647;
			files = (
			);
			inputPaths = (
			);
			name = "Check Pods Manifest.lock";
			outputPaths = (
			);
			runOnlyForDeploymentPostprocessing = 0;
			shellPath = /bin/sh;
			shellScript = "diff \"${PODS_ROOT}/../Podfile.lock\" \"${PODS_ROOT}/Manifest.lock\" > /dev/null\nif [[ $? != 0 ]] ; then\n    cat << EOM\nerror: The sandbox is not in sync with the Podfile.lock. Run 'pod install' or update your CocoaPods installation.\nEOM\n    exit 1\nfi\n";
			showEnvVarsInLog = 0;
		};
/* End PBXShellScriptBuildPhase section */

/* Begin PBXSourcesBuildPhase section */
		51E55C80182D415F009AC87C /* Sources */ = {
			isa = PBXSourcesBuildPhase;
			buildActionMask = 2147483647;
			files = (
				AC000A719E19EE6373675D54 /* NUXRequest.m in Sources */,
				AC00067C9BC7671E5ACF632E /* NUXSession+requests.m in Sources */,
				AC0008BBE6F5D7709B958244 /* NUXSession.m in Sources */,
			);
			runOnlyForDeploymentPostprocessing = 0;
		};
		51E55C90182D415F009AC87C /* Sources */ = {
			isa = PBXSourcesBuildPhase;
			buildActionMask = 2147483647;
			files = (
				AC00015C9A8DDBE3CFE409A2 /* NUXRequestTests.m in Sources */,
				AC000B77A341A810EE6DACC4 /* NUXSessionTests.m in Sources */,
			);
			runOnlyForDeploymentPostprocessing = 0;
		};
/* End PBXSourcesBuildPhase section */

/* Begin PBXTargetDependency section */
		51E55C9B182D415F009AC87C /* PBXTargetDependency */ = {
			isa = PBXTargetDependency;
			target = 51E55C83182D415F009AC87C /* NuxeoSDK */;
			targetProxy = 51E55C9A182D415F009AC87C /* PBXContainerItemProxy */;
		};
/* End PBXTargetDependency section */

/* Begin PBXVariantGroup section */
		51E55CA0182D415F009AC87C /* InfoPlist.strings */ = {
			isa = PBXVariantGroup;
			children = (
				51E55CA1182D415F009AC87C /* en */,
			);
			name = InfoPlist.strings;
			sourceTree = "<group>";
		};
/* End PBXVariantGroup section */

/* Begin XCBuildConfiguration section */
		51E55CA5182D415F009AC87C /* Debug */ = {
			isa = XCBuildConfiguration;
			buildSettings = {
				ALWAYS_SEARCH_USER_PATHS = NO;
				ARCHS = "$(ARCHS_STANDARD_INCLUDING_64_BIT)";
				CLANG_CXX_LANGUAGE_STANDARD = "gnu++0x";
				CLANG_CXX_LIBRARY = "libc++";
				CLANG_ENABLE_MODULES = YES;
				CLANG_ENABLE_OBJC_ARC = YES;
				CLANG_WARN_BOOL_CONVERSION = YES;
				CLANG_WARN_CONSTANT_CONVERSION = YES;
				CLANG_WARN_DIRECT_OBJC_ISA_USAGE = YES_ERROR;
				CLANG_WARN_EMPTY_BODY = YES;
				CLANG_WARN_ENUM_CONVERSION = YES;
				CLANG_WARN_INT_CONVERSION = YES;
				CLANG_WARN_OBJC_ROOT_CLASS = YES_ERROR;
				CLANG_WARN__DUPLICATE_METHOD_MATCH = YES;
				COPY_PHASE_STRIP = NO;
				GCC_C_LANGUAGE_STANDARD = gnu99;
				GCC_DYNAMIC_NO_PIC = NO;
				GCC_OPTIMIZATION_LEVEL = 0;
				GCC_PREPROCESSOR_DEFINITIONS = (
					"DEBUG=1",
					"$(inherited)",
				);
				GCC_SYMBOLS_PRIVATE_EXTERN = NO;
				GCC_WARN_64_TO_32_BIT_CONVERSION = YES;
				GCC_WARN_ABOUT_RETURN_TYPE = YES_ERROR;
				GCC_WARN_UNDECLARED_SELECTOR = YES;
				GCC_WARN_UNINITIALIZED_AUTOS = YES;
				GCC_WARN_UNUSED_FUNCTION = YES;
				GCC_WARN_UNUSED_VARIABLE = YES;
				IPHONEOS_DEPLOYMENT_TARGET = 6.0;
				ONLY_ACTIVE_ARCH = YES;
				SDKROOT = iphoneos;
			};
			name = Debug;
		};
		51E55CA6182D415F009AC87C /* Release */ = {
			isa = XCBuildConfiguration;
			buildSettings = {
				ALWAYS_SEARCH_USER_PATHS = NO;
				ARCHS = "$(ARCHS_STANDARD_INCLUDING_64_BIT)";
				CLANG_CXX_LANGUAGE_STANDARD = "gnu++0x";
				CLANG_CXX_LIBRARY = "libc++";
				CLANG_ENABLE_MODULES = YES;
				CLANG_ENABLE_OBJC_ARC = YES;
				CLANG_WARN_BOOL_CONVERSION = YES;
				CLANG_WARN_CONSTANT_CONVERSION = YES;
				CLANG_WARN_DIRECT_OBJC_ISA_USAGE = YES_ERROR;
				CLANG_WARN_EMPTY_BODY = YES;
				CLANG_WARN_ENUM_CONVERSION = YES;
				CLANG_WARN_INT_CONVERSION = YES;
				CLANG_WARN_OBJC_ROOT_CLASS = YES_ERROR;
				CLANG_WARN__DUPLICATE_METHOD_MATCH = YES;
				COPY_PHASE_STRIP = YES;
				ENABLE_NS_ASSERTIONS = NO;
				GCC_C_LANGUAGE_STANDARD = gnu99;
				GCC_WARN_64_TO_32_BIT_CONVERSION = YES;
				GCC_WARN_ABOUT_RETURN_TYPE = YES_ERROR;
				GCC_WARN_UNDECLARED_SELECTOR = YES;
				GCC_WARN_UNINITIALIZED_AUTOS = YES;
				GCC_WARN_UNUSED_FUNCTION = YES;
				GCC_WARN_UNUSED_VARIABLE = YES;
				IPHONEOS_DEPLOYMENT_TARGET = 6.0;
				SDKROOT = iphoneos;
				VALIDATE_PRODUCT = YES;
			};
			name = Release;
		};
		51E55CA8182D415F009AC87C /* Debug */ = {
			isa = XCBuildConfiguration;
			baseConfigurationReference = FD7BCE919FC34204AD7130B6 /* Pods.xcconfig */;
			buildSettings = {
				DSTROOT = /tmp/NuxeoSDK.dst;
				GCC_PRECOMPILE_PREFIX_HEADER = YES;
				GCC_PREFIX_HEADER = "NuxeoSDK/NuxeoSDK-Prefix.pch";
				OTHER_LDFLAGS = "-ObjC";
				PRODUCT_NAME = "$(TARGET_NAME)";
				SKIP_INSTALL = YES;
			};
			name = Debug;
		};
		51E55CA9182D415F009AC87C /* Release */ = {
			isa = XCBuildConfiguration;
			baseConfigurationReference = FD7BCE919FC34204AD7130B6 /* Pods.xcconfig */;
			buildSettings = {
				DSTROOT = /tmp/NuxeoSDK.dst;
				GCC_PRECOMPILE_PREFIX_HEADER = YES;
				GCC_PREFIX_HEADER = "NuxeoSDK/NuxeoSDK-Prefix.pch";
				OTHER_LDFLAGS = "-ObjC";
				PRODUCT_NAME = "$(TARGET_NAME)";
				SKIP_INSTALL = YES;
			};
			name = Release;
		};
		51E55CAB182D415F009AC87C /* Debug */ = {
			isa = XCBuildConfiguration;
			baseConfigurationReference = FD7BCE919FC34204AD7130B6 /* Pods.xcconfig */;
			buildSettings = {
				ARCHS = "$(ARCHS_STANDARD_INCLUDING_64_BIT)";
				FRAMEWORK_SEARCH_PATHS = (
					"$(SDKROOT)/Developer/Library/Frameworks",
					"$(inherited)",
					"$(DEVELOPER_FRAMEWORKS_DIR)",
				);
				GCC_PRECOMPILE_PREFIX_HEADER = YES;
				GCC_PREFIX_HEADER = "NuxeoSDK/NuxeoSDK-Prefix.pch";
				GCC_PREPROCESSOR_DEFINITIONS = (
					"DEBUG=1",
					"$(inherited)",
				);
				INFOPLIST_FILE = "NuxeoSDKTests/NuxeoSDKTests-Info.plist";
				PRODUCT_NAME = "$(TARGET_NAME)";
				WRAPPER_EXTENSION = xctest;
			};
			name = Debug;
		};
		51E55CAC182D415F009AC87C /* Release */ = {
			isa = XCBuildConfiguration;
			baseConfigurationReference = FD7BCE919FC34204AD7130B6 /* Pods.xcconfig */;
			buildSettings = {
				ARCHS = "$(ARCHS_STANDARD_INCLUDING_64_BIT)";
				FRAMEWORK_SEARCH_PATHS = (
					"$(SDKROOT)/Developer/Library/Frameworks",
					"$(inherited)",
					"$(DEVELOPER_FRAMEWORKS_DIR)",
				);
				GCC_PRECOMPILE_PREFIX_HEADER = YES;
				GCC_PREFIX_HEADER = "NuxeoSDK/NuxeoSDK-Prefix.pch";
				INFOPLIST_FILE = "NuxeoSDKTests/NuxeoSDKTests-Info.plist";
				PRODUCT_NAME = "$(TARGET_NAME)";
				WRAPPER_EXTENSION = xctest;
			};
			name = Release;
		};
/* End XCBuildConfiguration section */

/* Begin XCConfigurationList section */
		51E55C7F182D415F009AC87C /* Build configuration list for PBXProject "NuxeoSDK" */ = {
			isa = XCConfigurationList;
			buildConfigurations = (
				51E55CA5182D415F009AC87C /* Debug */,
				51E55CA6182D415F009AC87C /* Release */,
			);
			defaultConfigurationIsVisible = 0;
			defaultConfigurationName = Release;
		};
		51E55CA7182D415F009AC87C /* Build configuration list for PBXNativeTarget "NuxeoSDK" */ = {
			isa = XCConfigurationList;
			buildConfigurations = (
				51E55CA8182D415F009AC87C /* Debug */,
				51E55CA9182D415F009AC87C /* Release */,
			);
			defaultConfigurationIsVisible = 0;
			defaultConfigurationName = Release;
		};
		51E55CAA182D415F009AC87C /* Build configuration list for PBXNativeTarget "NuxeoSDKTests" */ = {
			isa = XCConfigurationList;
			buildConfigurations = (
				51E55CAB182D415F009AC87C /* Debug */,
				51E55CAC182D415F009AC87C /* Release */,
			);
			defaultConfigurationIsVisible = 0;
			defaultConfigurationName = Release;
		};
/* End XCConfigurationList section */
	};
	rootObject = 51E55C7C182D415F009AC87C /* Project object */;
}
